{
  "name": "core-styles",
  "version": "0.0.1",
  "lockfileVersion": 1,
  "dependencies": {
    "bootstrap-docs": {
      "version": "github:hemphill/bootstrap-docs#98696f0e07756fc6b710e2884d2f98b6af082af0"
    },
    "devicons": {
      "version": "https://registry.npmjs.org/devicons/-/devicons-1.8.0.tgz",
      "integrity": "sha1-33JaiwrCzOJMdLeCwvFPi3ODLC0="
    },
    "jquery": {
      "version": "https://registry.npmjs.org/jquery/-/jquery-3.1.0.tgz",
      "integrity": "sha1-Ep9vGulLGPCQELAI0NYBHkBhPX8="
    },
    "popper.js": {
      "version": "1.10.1",
      "resolved": "https://registry.npmjs.org/popper.js/-/popper.js-1.10.1.tgz",
      "integrity": "sha512-6qBMY4iZYhqfomIdh4JttOKyN3TUwjme2cwuAKeT7oqMwXvVwNauxkcip1TgKINcFC5fS8O+UFqeF0XdmGLjvw=="
    }
  }
}
